
Microsoft Visual Studio Solution File, Format Version 12.00
# Visual Studio Version 16
VisualStudioVersion = 16.0.32630.194
MinimumVisualStudioVersion = 10.0.40219.1
Project("{8BC9CEB8-8B4A-11D0-8D11-00A0C91BC942}") = "School Lunch ordering system", "School Lunch ordering system\School Lunch ordering system.vcxproj", "{9168B70A-2275-4230-869E-CE504C94F2E0}"
EndProject
Global
	GlobalSection(SolutionConfigurationPlatforms) = preSolution
		Debug|x64 = Debug|x64
		Debug|x86 = Debug|x86
		Release|x64 = Release|x64
		Release|x86 = Release|x86
	EndGlobalSection
	GlobalSection(ProjectConfigurationPlatforms) = postSolution
		{9168B70A-2275-4230-869E-CE504C94F2E0}.Debug|x64.ActiveCfg = Debug|x64
		{9168B70A-2275-4230-869E-CE504C94F2E0}.Debug|x64.Build.0 = Debug|x64
		{9168B70A-2275-4230-869E-CE504C94F2E0}.Debug|x86.ActiveCfg = Debug|Win32
		{9168B70A-2275-4230-869E-CE504C94F2E0}.Debug|x86.Build.0 = Debug|Win32
		{9168B70A-2275-4230-869E-CE504C94F2E0}.Release|x64.ActiveCfg = Release|x64
		{9168B70A-2275-4230-869E-CE504C94F2E0}.Release|x64.Build.0 = Release|x64
		{9168B70A-2275-4230-869E-CE504C94F2E0}.Release|x86.ActiveCfg = Release|Win32
		{9168B70A-2275-4230-869E-CE504C94F2E0}.Release|x86.Build.0 = Release|Win32
	EndGlobalSection
	GlobalSection(SolutionProperties) = preSolution
		HideSolutionNode = FALSE
	EndGlobalSection
	GlobalSection(ExtensibilityGlobals) = postSolution
		SolutionGuid = {DD94D1ED-ADD6-44D6-A2D0-FE2BA6C2DA77}
	EndGlobalSection
EndGlobal
